
Microsoft Visual Studio Solution File, Format Version 12.00
# Visual Studio Version 16
VisualStudioVersion = 16.0.29709.97
MinimumVisualStudioVersion = 10.0.40219.1
Project("{9A19103F-16F7-4668-BE54-9A1E7A4F7556}") = "AvP_Song_Annotations", "AvP_Song_Annotations\AvP_Song_Annotations.csproj", "{4140EDDF-6BFE-4992-BE37-AAB04E2A060F}"
EndProject
Project("{888888A0-9F3D-457C-B088-3A5042F75D52}") = "FlyAnnotations", "FlyAnnotations\FlyAnnotations.pyproj", "{D31E875D-D1F0-46BA-9F5B-9F36E8EE4EE3}"
EndProject
Global
	GlobalSection(SolutionConfigurationPlatforms) = preSolution
		Debug|Any CPU = Debug|Any CPU
		Release|Any CPU = Release|Any CPU
	EndGlobalSection
	GlobalSection(ProjectConfigurationPlatforms) = postSolution
		{4140EDDF-6BFE-4992-BE37-AAB04E2A060F}.Debug|Any CPU.ActiveCfg = Debug|Any CPU
		{4140EDDF-6BFE-4992-BE37-AAB04E2A060F}.Debug|Any CPU.Build.0 = Debug|Any CPU
		{4140EDDF-6BFE-4992-BE37-AAB04E2A060F}.Release|Any CPU.ActiveCfg = Release|Any CPU
		{4140EDDF-6BFE-4992-BE37-AAB04E2A060F}.Release|Any CPU.Build.0 = Release|Any CPU
		{D31E875D-D1F0-46BA-9F5B-9F36E8EE4EE3}.Debug|Any CPU.ActiveCfg = Debug|Any CPU
		{D31E875D-D1F0-46BA-9F5B-9F36E8EE4EE3}.Release|Any CPU.ActiveCfg = Release|Any CPU
	EndGlobalSection
	GlobalSection(SolutionProperties) = preSolution
		HideSolutionNode = FALSE
	EndGlobalSection
	GlobalSection(ExtensibilityGlobals) = postSolution
		SolutionGuid = {4065FB2A-68A7-4A4E-AFED-BBA4A1CEA8A9}
	EndGlobalSection
EndGlobal
